
Microsoft Visual Studio Solution File, Format Version 12.00
# Visual Studio 15
VisualStudioVersion = 15.0.28307.572
MinimumVisualStudioVersion = 10.0.40219.1
Project("{FAE04EC0-301F-11D3-BF4B-00C04F79EFBC}") = "WinFirstApp", "WinFirstApp\WinFirstApp.csproj", "{1A69E3D8-2896-49E7-B916-D521BF959559}"
EndProject
Global
	GlobalSection(SolutionConfigurationPlatforms) = preSolution
		Debug|Any CPU = Debug|Any CPU
		Release|Any CPU = Release|Any CPU
	EndGlobalSection
	GlobalSection(ProjectConfigurationPlatforms) = postSolution
		{1A69E3D8-2896-49E7-B916-D521BF959559}.Debug|Any CPU.ActiveCfg = Debug|Any CPU
		{1A69E3D8-2896-49E7-B916-D521BF959559}.Debug|Any CPU.Build.0 = Debug|Any CPU
		{1A69E3D8-2896-49E7-B916-D521BF959559}.Release|Any CPU.ActiveCfg = Release|Any CPU
		{1A69E3D8-2896-49E7-B916-D521BF959559}.Release|Any CPU.Build.0 = Release|Any CPU
	EndGlobalSection
	GlobalSection(SolutionProperties) = preSolution
		HideSolutionNode = FALSE
	EndGlobalSection
	GlobalSection(ExtensibilityGlobals) = postSolution
		SolutionGuid = {2E0132D9-DBF8-473F-BB16-8B824641BB55}
	EndGlobalSection
EndGlobal
